// !$*UTF8*$!
{
	archiveVersion = 1;
	classes = {
	};
	objectVersion = 50;
	objects = {

/* Begin PBXBuildFile section */
		410DC6FF2116D0C100D7D25F /* AppDelegate.swift in Sources */ = {isa = PBXBuildFile; fileRef = 410DC6FE2116D0C100D7D25F /* AppDelegate.swift */; };
		410DC7012116D0C100D7D25F /* ViewController.swift in Sources */ = {isa = PBXBuildFile; fileRef = 410DC7002116D0C100D7D25F /* ViewController.swift */; };
		410DC7042116D0C100D7D25F /* Main.storyboard in Resources */ = {isa = PBXBuildFile; fileRef = 410DC7022116D0C100D7D25F /* Main.storyboard */; };
		410DC7062116D0C200D7D25F /* Assets.xcassets in Resources */ = {isa = PBXBuildFile; fileRef = 410DC7052116D0C200D7D25F /* Assets.xcassets */; };
		410DC7092116D0C200D7D25F /* LaunchScreen.storyboard in Resources */ = {isa = PBXBuildFile; fileRef = 410DC7072116D0C200D7D25F /* LaunchScreen.storyboard */; };
		410DC7152116D3E800D7D25F /* light_saber3.mp3 in Resources */ = {isa = PBXBuildFile; fileRef = 410DC7132116D3E800D7D25F /* light_saber3.mp3 */; };
		410DC7162116D3E800D7D25F /* light_saber1.mp3 in Resources */ = {isa = PBXBuildFile; fileRef = 410DC7142116D3E800D7D25F /* light_saber1.mp3 */; };
/* End PBXBuildFile section */

/* Begin PBXFileReference section */
		410DC6FB2116D0C000D7D25F /* LightSaber.app */ = {isa = PBXFileReference; explicitFileType = wrapper.application; includeInIndex = 0; path = LightSaber.app; sourceTree = BUILT_PRODUCTS_DIR; };
		410DC6FE2116D0C100D7D25F /* AppDelegate.swift */ = {isa = PBXFileReference; lastKnownFileType = sourcecode.swift; path = AppDelegate.swift; sourceTree = "<group>"; };
		410DC7002116D0C100D7D25F /* ViewController.swift */ = {isa = PBXFileReference; lastKnownFileType = sourcecode.swift; path = ViewController.swift; sourceTree = "<group>"; };
		410DC7032116D0C100D7D25F /* Base */ = {isa = PBXFileReference; lastKnownFileType = file.storyboard; name = Base; path = Base.lproj/Main.storyboard; sourceTree = "<group>"; };
		410DC7052116D0C200D7D25F /* Assets.xcassets */ = {isa = PBXFileReference; lastKnownFileType = folder.assetcatalog; path = Assets.xcassets; sourceTree = "<group>"; };
		410DC7082116D0C200D7D25F /* Base */ = {isa = PBXFileReference; lastKnownFileType = file.storyboard; name = Base; path = Base.lproj/LaunchScreen.storyboard; sourceTree = "<group>"; };
		410DC70A2116D0C200D7D25F /* Info.plist */ = {isa = PBXFileReference; lastKnownFileType = text.plist.xml; path = Info.plist; sourceTree = "<group>"; };
		410DC7132116D3E800D7D25F /* light_saber3.mp3 */ = {isa = PBXFileReference; lastKnownFileType = audio.mp3; path = light_saber3.mp3; sourceTree = "<group>"; };
		410DC7142116D3E800D7D25F /* light_saber1.mp3 */ = {isa = PBXFileReference; lastKnownFileType = audio.mp3; path = light_saber1.mp3; sourceTree = "<group>"; };
/* End PBXFileReference section */

/* Begin PBXFrameworksBuildPhase section */
		410DC6F82116D0C000D7D25F /* Frameworks */ = {
			isa = PBXFrameworksBuildPhase;
			buildActionMask = 2147483647;
			files = (
			);
			runOnlyForDeploymentPostprocessing = 0;
		};
/* End PBXFrameworksBuildPhase section */

/* Begin PBXGroup section */
		410DC6F22116D0C000D7D25F = {
			isa = PBXGroup;
			children = (
				410DC6FD2116D0C000D7D25F /* LightSaber */,
				410DC6FC2116D0C000D7D25F /* Products */,
			);
			sourceTree = "<group>";
		};
		410DC6FC2116D0C000D7D25F /* Products */ = {
			isa = PBXGroup;
			children = (
				410DC6FB2116D0C000D7D25F /* LightSaber.app */,
			);
			name = Products;
			sourceTree = "<group>";
		};
		410DC6FD2116D0C000D7D25F /* LightSaber */ = {
			isa = PBXGroup;
			children = (
				410DC6FE2116D0C100D7D25F /* AppDelegate.swift */,
				410DC7002116D0C100D7D25F /* ViewController.swift */,
				410DC7022116D0C100D7D25F /* Main.storyboard */,
				410DC7052116D0C200D7D25F /* Assets.xcassets */,
				410DC7072116D0C200D7D25F /* LaunchScreen.storyboard */,
				410DC70A2116D0C200D7D25F /* Info.plist */,
				410DC7132116D3E800D7D25F /* light_saber3.mp3 */,
				410DC7142116D3E800D7D25F /* light_saber1.mp3 */,
			);
			path = LightSaber;
			sourceTree = "<group>";
		};
/* End PBXGroup section */

/* Begin PBXNativeTarget section */
		410DC6FA2116D0C000D7D25F /* LightSaber */ = {
			isa = PBXNativeTarget;
			buildConfigurationList = 410DC70D2116D0C200D7D25F /* Build configuration list for PBXNativeTarget "LightSaber" */;
			buildPhases = (
				410DC6F72116D0C000D7D25F /* Sources */,
				410DC6F82116D0C000D7D25F /* Frameworks */,
				410DC6F92116D0C000D7D25F /* Resources */,
			);
			buildRules = (
			);
			dependencies = (
			);
			name = LightSaber;
			productName = LightSaber;
			productReference = 410DC6FB2116D0C000D7D25F /* LightSaber.app */;
			productType = "com.apple.product-type.application";
		};
/* End PBXNativeTarget section */

/* Begin PBXProject section */
		410DC6F32116D0C000D7D25F /* Project object */ = {
			isa = PBXProject;
			attributes = {
				LastSwiftUpdateCheck = 0940;
				LastUpgradeCheck = 0940;
				ORGANIZATIONNAME = "Ogawa Daichi";
				TargetAttributes = {
					410DC6FA2116D0C000D7D25F = {
						CreatedOnToolsVersion = 9.4.1;
					};
				};
			};
			buildConfigurationList = 410DC6F62116D0C000D7D25F /* Build configuration list for PBXProject "LightSaber" */;
			compatibilityVersion = "Xcode 9.3";
			developmentRegion = en;
			hasScannedForEncodings = 0;
			knownRegions = (
				en,
				Base,
			);
			mainGroup = 410DC6F22116D0C000D7D25F;
			productRefGroup = 410DC6FC2116D0C000D7D25F /* Products */;
			projectDirPath = "";
			projectRoot = "";
			targets = (
				410DC6FA2116D0C000D7D25F /* LightSaber */,
			);
		};
/* End PBXProject section */

/* Begin PBXResourcesBuildPhase section */
		410DC6F92116D0C000D7D25F /* Resources */ = {
			isa = PBXResourcesBuildPhase;
			buildActionMask = 2147483647;
			files = (
				410DC7092116D0C200D7D25F /* LaunchScreen.storyboard in Resources */,
				410DC7162116D3E800D7D25F /* light_saber1.mp3 in Resources */,
				410DC7152116D3E800D7D25F /* light_saber3.mp3 in Resources */,
				410DC7062116D0C200D7D25F /* Assets.xcassets in Resources */,
				410DC7042116D0C100D7D25F /* Main.storyboard in Resources */,
			);
			runOnlyForDeploymentPostprocessing = 0;
		};
/* End PBXResourcesBuildPhase section */

/* Begin PBXSourcesBuildPhase section */
		410DC6F72116D0C000D7D25F /* Sources */ = {
			isa = PBXSourcesBuildPhase;
			buildActionMask = 2147483647;
			files = (
				410DC7012116D0C100D7D25F /* ViewController.swift in Sources */,
				410DC6FF2116D0C100D7D25F /* AppDelegate.swift in Sources */,
			);
			runOnlyForDeploymentPostprocessing = 0;
		};
/* End PBXSourcesBuildPhase section */

/* Begin PBXVariantGroup section */
		410DC7022116D0C100D7D25F /* Main.storyboard */ = {
			isa = PBXVariantGroup;
			children = (
				410DC7032116D0C100D7D25F /* Base */,
			);
			name = Main.storyboard;
			sourceTree = "<group>";
		};
		410DC7072116D0C200D7D25F /* LaunchScreen.storyboard */ = {
			isa = PBXVariantGroup;
			children = (
				410DC7082116D0C200D7D25F /* Base */,
			);
			name = LaunchScreen.storyboard;
			sourceTree = "<group>";
		};
/* End PBXVariantGroup section */

/* Begin XCBuildConfiguration section */
		410DC70B2116D0C200D7D25F /* Debug */ = {
			isa = XCBuildConfiguration;
			buildSettings = {
				ALWAYS_SEARCH_USER_PATHS = NO;
				CLANG_ANALYZER_NONNULL = YES;
				CLANG_ANALYZER_NUMBER_OBJECT_CONVERSION = YES_AGGRESSIVE;
				CLANG_CXX_LANGUAGE_STANDARD = "gnu++14";
				CLANG_CXX_LIBRARY = "libc++";
				CLANG_ENABLE_MODULES = YES;
				CLANG_ENABLE_OBJC_ARC = YES;
				CLANG_ENABLE_OBJC_WEAK = YES;
				CLANG_WARN_BLOCK_CAPTURE_AUTORELEASING = YES;
				CLANG_WARN_BOOL_CONVERSION = YES;
				CLANG_WARN_COMMA = YES;
				CLANG_WARN_CONSTANT_CONVERSION = YES;
				CLANG_WARN_DEPRECATED_OBJC_IMPLEMENTATIONS = YES;
				CLANG_WARN_DIRECT_OBJC_ISA_USAGE = YES_ERROR;
				CLANG_WARN_DOCUMENTATION_COMMENTS = YES;
				CLANG_WARN_EMPTY_BODY = YES;
				CLANG_WARN_ENUM_CONVERSION = YES;
				CLANG_WARN_INFINITE_RECURSION = YES;
				CLANG_WARN_INT_CONVERSION = YES;
				CLANG_WARN_NON_LITERAL_NULL_CONVERSION = YES;
				CLANG_WARN_OBJC_IMPLICIT_RETAIN_SELF = YES;
				CLANG_WARN_OBJC_LITERAL_CONVERSION = YES;
				CLANG_WARN_OBJC_ROOT_CLASS = YES_ERROR;
				CLANG_WARN_RANGE_LOOP_ANALYSIS = YES;
				CLANG_WARN_STRICT_PROTOTYPES = YES;
				CLANG_WARN_SUSPICIOUS_MOVE = YES;
				CLANG_WARN_UNGUARDED_AVAILABILITY = YES_AGGRESSIVE;
				CLANG_WARN_UNREACHABLE_CODE = YES;
				CLANG_WARN__DUPLICATE_METHOD_MATCH = YES;
				CODE_SIGN_IDENTITY = "iPhone Developer";
				COPY_PHASE_STRIP = NO;
				DEBUG_INFORMATION_FORMAT = dwarf;
				ENABLE_STRICT_OBJC_MSGSEND = YES;
				ENABLE_TESTABILITY = YES;
				GCC_C_LANGUAGE_STANDARD = gnu11;
				GCC_DYNAMIC_NO_PIC = NO;
				GCC_NO_COMMON_BLOCKS = YES;
				GCC_OPTIMIZATION_LEVEL = 0;
				GCC_PREPROCESSOR_DEFINITIONS = (
					"DEBUG=1",
					"$(inherited)",
				);
				GCC_WARN_64_TO_32_BIT_CONVERSION = YES;
				GCC_WARN_ABOUT_RETURN_TYPE = YES_ERROR;
				GCC_WARN_UNDECLARED_SELECTOR = YES;
				GCC_WARN_UNINITIALIZED_AUTOS = YES_AGGRESSIVE;
				GCC_WARN_UNUSED_FUNCTION = YES;
				GCC_WARN_UNUSED_VARIABLE = YES;
				IPHONEOS_DEPLOYMENT_TARGET = 11.4;
				MTL_ENABLE_DEBUG_INFO = YES;
				ONLY_ACTIVE_ARCH = YES;
				SDKROOT = iphoneos;
				SWIFT_ACTIVE_COMPILATION_CONDITIONS = DEBUG;
				SWIFT_OPTIMIZATION_LEVEL = "-Onone";
			};
			name = Debug;
		};
		410DC70C2116D0C200D7D25F /* Release */ = {
			isa = XCBuildConfiguration;
			buildSettings = {
				ALWAYS_SEARCH_USER_PATHS = NO;
				CLANG_ANALYZER_NONNULL = YES;
				CLANG_ANALYZER_NUMBER_OBJECT_CONVERSION = YES_AGGRESSIVE;
				CLANG_CXX_LANGUAGE_STANDARD = "gnu++14";
				CLANG_CXX_LIBRARY = "libc++";
				CLANG_ENABLE_MODULES = YES;
				CLANG_ENABLE_OBJC_ARC = YES;
				CLANG_ENABLE_OBJC_WEAK = YES;
				CLANG_WARN_BLOCK_CAPTURE_AUTORELEASING = YES;
				CLANG_WARN_BOOL_CONVERSION = YES;
				CLANG_WARN_COMMA = YES;
				CLANG_WARN_CONSTANT_CONVERSION = YES;
				CLANG_WARN_DEPRECATED_OBJC_IMPLEMENTATIONS = YES;
				CLANG_WARN_DIRECT_OBJC_ISA_USAGE = YES_ERROR;
				CLANG_WARN_DOCUMENTATION_COMMENTS = YES;
				CLANG_WARN_EMPTY_BODY = YES;
				CLANG_WARN_ENUM_CONVERSION = YES;
				CLANG_WARN_INFINITE_RECURSION = YES;
				CLANG_WARN_INT_CONVERSION = YES;
				CLANG_WARN_NON_LITERAL_NULL_CONVERSION = YES;
				CLANG_WARN_OBJC_IMPLICIT_RETAIN_SELF = YES;
				CLANG_WARN_OBJC_LITERAL_CONVERSION = YES;
				CLANG_WARN_OBJC_ROOT_CLASS = YES_ERROR;
				CLANG_WARN_RANGE_LOOP_ANALYSIS = YES;
				CLANG_WARN_STRICT_PROTOTYPES = YES;
				CLANG_WARN_SUSPICIOUS_MOVE = YES;
				CLANG_WARN_UNGUARDED_AVAILABILITY = YES_AGGRESSIVE;
				CLANG_WARN_UNREACHABLE_CODE = YES;
				CLANG_WARN__DUPLICATE_METHOD_MATCH = YES;
				CODE_SIGN_IDENTITY = "iPhone Developer";
				COPY_PHASE_STRIP = NO;
				DEBUG_INFORMATION_FORMAT = "dwarf-with-dsym";
				ENABLE_NS_ASSERTIONS = NO;
				ENABLE_STRICT_OBJC_MSGSEND = YES;
				GCC_C_LANGUAGE_STANDARD = gnu11;
				GCC_NO_COMMON_BLOCKS = YES;
				GCC_WARN_64_TO_32_BIT_CONVERSION = YES;
				GCC_WARN_ABOUT_RETURN_TYPE = YES_ERROR;
				GCC_WARN_UNDECLARED_SELECTOR = YES;
				GCC_WARN_UNINITIALIZED_AUTOS = YES_AGGRESSIVE;
				GCC_WARN_UNUSED_FUNCTION = YES;
				GCC_WARN_UNUSED_VARIABLE = YES;
				IPHONEOS_DEPLOYMENT_TARGET = 11.4;
				MTL_ENABLE_DEBUG_INFO = NO;
				SDKROOT = iphoneos;
				SWIFT_COMPILATION_MODE = wholemodule;
				SWIFT_OPTIMIZATION_LEVEL = "-O";
				VALIDATE_PRODUCT = YES;
			};
			name = Release;
		};
		410DC70E2116D0C200D7D25F /* Debug */ = {
			isa = XCBuildConfiguration;
			buildSettings = {
				ASSETCATALOG_COMPILER_APPICON_NAME = AppIcon;
				CODE_SIGN_STYLE = Automatic;
				INFOPLIST_FILE = LightSaber/Info.plist;
				LD_RUNPATH_SEARCH_PATHS = (
					"$(inherited)",
					"@executable_path/Frameworks",
				);
				PRODUCT_BUNDLE_IDENTIFIER = com.example.LightSaber;
				PRODUCT_NAME = "$(TARGET_NAME)";
				SWIFT_VERSION = 4.0;
				TARGETED_DEVICE_FAMILY = "1,2";
			};
			name = Debug;
		};
		410DC70F2116D0C200D7D25F /* Release */ = {
			isa = XCBuildConfiguration;
			buildSettings = {
				ASSETCATALOG_COMPILER_APPICON_NAME = AppIcon;
				CODE_SIGN_STYLE = Automatic;
				INFOPLIST_FILE = LightSaber/Info.plist;
				LD_RUNPATH_SEARCH_PATHS = (
					"$(inherited)",
					"@executable_path/Frameworks",
				);
				PRODUCT_BUNDLE_IDENTIFIER = com.example.LightSaber;
				PRODUCT_NAME = "$(TARGET_NAME)";
				SWIFT_VERSION = 4.0;
				TARGETED_DEVICE_FAMILY = "1,2";
			};
			name = Release;
		};
/* End XCBuildConfiguration section */

/* Begin XCConfigurationList section */
		410DC6F62116D0C000D7D25F /* Build configuration list for PBXProject "LightSaber" */ = {
			isa = XCConfigurationList;
			buildConfigurations = (
				410DC70B2116D0C200D7D25F /* Debug */,
				410DC70C2116D0C200D7D25F /* Release */,
			);
			defaultConfigurationIsVisible = 0;
			defaultConfigurationName = Release;
		};
		410DC70D2116D0C200D7D25F /* Build configuration list for PBXNativeTarget "LightSaber" */ = {
			isa = XCConfigurationList;
			buildConfigurations = (
				410DC70E2116D0C200D7D25F /* Debug */,
				410DC70F2116D0C200D7D25F /* Release */,
			);
			defaultConfigurationIsVisible = 0;
			defaultConfigurationName = Release;
		};
/* End XCConfigurationList section */
	};
	rootObject = 410DC6F32116D0C000D7D25F /* Project object */;
}
